
Microsoft Visual Studio Solution File, Format Version 12.00
# Visual Studio Version 16
VisualStudioVersion = 16.0.30011.22
MinimumVisualStudioVersion = 10.0.40219.1
Project("{FAE04EC0-301F-11D3-BF4B-00C04F79EFBC}") = "52Learning", "52Learning\52Learning.csproj", "{969FA109-017E-468A-8FE3-893B3C3BED12}"
EndProject
Project("{FAE04EC0-301F-11D3-BF4B-00C04F79EFBC}") = "TestConsole", "TestConsole\TestConsole.csproj", "{76CDCC76-8C04-4DC1-8BEE-10B57BC140D9}"
EndProject
Global
	GlobalSection(SolutionConfigurationPlatforms) = preSolution
		Debug|Any CPU = Debug|Any CPU
		Release|Any CPU = Release|Any CPU
	EndGlobalSection
	GlobalSection(ProjectConfigurationPlatforms) = postSolution
		{969FA109-017E-468A-8FE3-893B3C3BED12}.Debug|Any CPU.ActiveCfg = Debug|Any CPU
		{969FA109-017E-468A-8FE3-893B3C3BED12}.Debug|Any CPU.Build.0 = Debug|Any CPU
		{969FA109-017E-468A-8FE3-893B3C3BED12}.Release|Any CPU.ActiveCfg = Release|Any CPU
		{969FA109-017E-468A-8FE3-893B3C3BED12}.Release|Any CPU.Build.0 = Release|Any CPU
		{76CDCC76-8C04-4DC1-8BEE-10B57BC140D9}.Debug|Any CPU.ActiveCfg = Debug|Any CPU
		{76CDCC76-8C04-4DC1-8BEE-10B57BC140D9}.Debug|Any CPU.Build.0 = Debug|Any CPU
		{76CDCC76-8C04-4DC1-8BEE-10B57BC140D9}.Release|Any CPU.ActiveCfg = Release|Any CPU
		{76CDCC76-8C04-4DC1-8BEE-10B57BC140D9}.Release|Any CPU.Build.0 = Release|Any CPU
	EndGlobalSection
	GlobalSection(SolutionProperties) = preSolution
		HideSolutionNode = FALSE
	EndGlobalSection
	GlobalSection(ExtensibilityGlobals) = postSolution
		SolutionGuid = {0BC31D5A-5AB4-4CDC-AD3B-E27F4FAB639F}
	EndGlobalSection
EndGlobal
